{
  "requires": true,
  "lockfileVersion": 1,
  "dependencies": {
    "commander": {
      "version": "2.1.0",
      "resolved": "http://registry.npmjs.org/commander/-/commander-2.1.0.tgz",
      "integrity": "sha1-0SG7roYNmZKj1Re6lvVliOR8Z4E=",
      "dev": true
    },
    "nan": {
      "version": "1.0.0",
      "resolved": "http://registry.npmjs.org/nan/-/nan-1.0.0.tgz",
      "integrity": "sha1-riT4hQgY1mL8q1rPfzuVv6oszzg=",
      "dev": true
    },
    "options": {
      "version": "0.0.6",
      "resolved": "https://registry.npmjs.org/options/-/options-0.0.6.tgz",
      "integrity": "sha1-7CLTEoBrtT5zF3Pnza788cZDEo8=",
      "dev": true
    },
    "tinycolor": {
      "version": "0.0.1",
      "resolved": "https://registry.npmjs.org/tinycolor/-/tinycolor-0.0.1.tgz",
      "integrity": "sha1-MgtaUtg6u1l42Bo+iH1K77FaYWQ=",
      "dev": true
    },
    "ws": {
      "version": "0.4.32",
      "resolved": "http://registry.npmjs.org/ws/-/ws-0.4.32.tgz",
      "integrity": "sha1-eHphVEFPPJntg8V3IVOyD+sM7DI=",
      "dev": true,
      "requires": {
        "commander": "2.1.0",
        "nan": "1.0.0",
        "options": "0.0.6",
        "tinycolor": "0.0.1"
      }
    }
  }
}
